github.com/bufbuild/protovalidate v0.10.0 h1:2BvlQEGj1I8UeiSBHl4WzulFtbTDyt0+txdHNCG3N8E=
github.com/googleapis/googleapis v0.0.0-20251118121208-a17b84add8318f780fcc8a027815d5fee644b9f7 h1:iy4H942TWZmI/KHhR57F8+OWrGiN2VS1CpJrGfm25Wo=
github.com/grpc-ecosystem/grpc-gateway v2.26.0 h1:dr2GR+hQ77P9hgdVFjSJ7Otk/eEJ2J85klnR6sA/UtI=
